// !$*UTF8*$!
{
	archiveVersion = 1;
	classes = {
	};
	objectVersion = 52;
	objects = {

/* Begin PBXBuildFile section */
		351CB6B1266421DA00DA9B55 /* QuizGame.swift in Sources */ = {isa = PBXBuildFile; fileRef = 351CB6B0266421DA00DA9B55 /* QuizGame.swift */; };
		351CB6B42664228100DA9B55 /* QuizMainScreen.swift in Sources */ = {isa = PBXBuildFile; fileRef = 351CB6B32664228100DA9B55 /* QuizMainScreen.swift */; };
		351CB6B72664230600DA9B55 /* LogoImageWhite.swift in Sources */ = {isa = PBXBuildFile; fileRef = 351CB6B62664230600DA9B55 /* LogoImageWhite.swift */; };
		351CB6B92664232D00DA9B55 /* QuizItemCard.swift in Sources */ = {isa = PBXBuildFile; fileRef = 351CB6B82664232D00DA9B55 /* QuizItemCard.swift */; };
		351CB6BB2664236700DA9B55 /* QuizListView.swift in Sources */ = {isa = PBXBuildFile; fileRef = 351CB6BA2664236700DA9B55 /* QuizListView.swift */; };
		351CB6BD266423F700DA9B55 /* MenuButton.swift in Sources */ = {isa = PBXBuildFile; fileRef = 351CB6BC266423F700DA9B55 /* MenuButton.swift */; };
		351CB6BF2664241D00DA9B55 /* SideMenu.swift in Sources */ = {isa = PBXBuildFile; fileRef = 351CB6BE2664241D00DA9B55 /* SideMenu.swift */; };
		351CB6C22664F23F00DA9B55 /* ProfileScreen.swift in Sources */ = {isa = PBXBuildFile; fileRef = 351CB6C12664F23F00DA9B55 /* ProfileScreen.swift */; };
		351CB6C52664F28400DA9B55 /* AvatarImage.swift in Sources */ = {isa = PBXBuildFile; fileRef = 351CB6C42664F28400DA9B55 /* AvatarImage.swift */; };
		351CB6C72664F2AA00DA9B55 /* ProfileDetailView.swift in Sources */ = {isa = PBXBuildFile; fileRef = 351CB6C62664F2AA00DA9B55 /* ProfileDetailView.swift */; };
		351CB6CA2664F65800DA9B55 /* GameOverviewScreen.swift in Sources */ = {isa = PBXBuildFile; fileRef = 351CB6C92664F65800DA9B55 /* GameOverviewScreen.swift */; };
		351CB6CD2664F69400DA9B55 /* OverviewView.swift in Sources */ = {isa = PBXBuildFile; fileRef = 351CB6CC2664F69400DA9B55 /* OverviewView.swift */; };
		351CB6D1266966F700DA9B55 /* QuestionScreen.swift in Sources */ = {isa = PBXBuildFile; fileRef = 351CB6D0266966F700DA9B55 /* QuestionScreen.swift */; };
		351CB6D32669697E00DA9B55 /* QuestionView.swift in Sources */ = {isa = PBXBuildFile; fileRef = 351CB6D22669697E00DA9B55 /* QuestionView.swift */; };
		351CB6D526696BAA00DA9B55 /* QuestionButton.swift in Sources */ = {isa = PBXBuildFile; fileRef = 351CB6D426696BAA00DA9B55 /* QuestionButton.swift */; };
		351CB6D7266972F200DA9B55 /* QuizQuestion.swift in Sources */ = {isa = PBXBuildFile; fileRef = 351CB6D6266972F200DA9B55 /* QuizQuestion.swift */; };
		35D9BF7A266B938600E5E70E /* BackgroundView.swift in Sources */ = {isa = PBXBuildFile; fileRef = 35D9BF79266B938600E5E70E /* BackgroundView.swift */; };
		C30283FB265FF100007F0BB2 /* FriendsListScreen.swift in Sources */ = {isa = PBXBuildFile; fileRef = C30283FA265FF100007F0BB2 /* FriendsListScreen.swift */; };
		C30283FF265FF590007F0BB2 /* FriendsView.swift in Sources */ = {isa = PBXBuildFile; fileRef = C30283FE265FF590007F0BB2 /* FriendsView.swift */; };
		C3028403265FF665007F0BB2 /* FriendRequestsView.swift in Sources */ = {isa = PBXBuildFile; fileRef = C3028402265FF665007F0BB2 /* FriendRequestsView.swift */; };
		C307CAC12657DE3000223917 /* ColorExtension.swift in Sources */ = {isa = PBXBuildFile; fileRef = C307CAC02657DE3000223917 /* ColorExtension.swift */; };
		C33471ED2661556F004E707B /* FriendRequestRow.swift in Sources */ = {isa = PBXBuildFile; fileRef = C33471EC2661556F004E707B /* FriendRequestRow.swift */; };
		C3443343264F12A1001FB1B9 /* GoogleService-Info.plist in Resources */ = {isa = PBXBuildFile; fileRef = C3443342264F12A1001FB1B9 /* GoogleService-Info.plist */; };
		C34C5411264D2E4100392EFA /* FirebaseAuth in Frameworks */ = {isa = PBXBuildFile; productRef = C34C5410264D2E4100392EFA /* FirebaseAuth */; };
		C34C5413264D2E4100392EFA /* FirebaseFirestore in Frameworks */ = {isa = PBXBuildFile; productRef = C34C5412264D2E4100392EFA /* FirebaseFirestore */; };
		C34C5415264D2E4100392EFA /* FirebaseFirestoreSwift-Beta in Frameworks */ = {isa = PBXBuildFile; productRef = C34C5414264D2E4100392EFA /* FirebaseFirestoreSwift-Beta */; };
		C34C5417264D327600392EFA /* LoginView.swift in Sources */ = {isa = PBXBuildFile; fileRef = C34C5416264D327600392EFA /* LoginView.swift */; };
		C34C5419264D33A000392EFA /* AuthenticationManager.swift in Sources */ = {isa = PBXBuildFile; fileRef = C34C5418264D33A000392EFA /* AuthenticationManager.swift */; };
		C34C541B264D43D200392EFA /* QuizUser.swift in Sources */ = {isa = PBXBuildFile; fileRef = C34C541A264D43D200392EFA /* QuizUser.swift */; };
		C38CF0C3265559D50055A20A /* LogoImage.swift in Sources */ = {isa = PBXBuildFile; fileRef = C38CF0C2265559D50055A20A /* LogoImage.swift */; };
		C38CF0C7265560070055A20A /* RegisterView.swift in Sources */ = {isa = PBXBuildFile; fileRef = C38CF0C6265560070055A20A /* RegisterView.swift */; };
		C38CF0CA265567E90055A20A /* ViewState.swift in Sources */ = {isa = PBXBuildFile; fileRef = C38CF0C9265567E90055A20A /* ViewState.swift */; };
		C38CF0CC26556A8A0055A20A /* LoginRegisterScreen.swift in Sources */ = {isa = PBXBuildFile; fileRef = C38CF0CB26556A8A0055A20A /* LoginRegisterScreen.swift */; };
		C3967FAF2663A18B00B306BE /* Main.swift in Sources */ = {isa = PBXBuildFile; fileRef = C3967FAE2663A18B00B306BE /* Main.swift */; };
		C39D00F026611E86004E0F7D /* FriendRow.swift in Sources */ = {isa = PBXBuildFile; fileRef = C39D00EF26611E86004E0F7D /* FriendRow.swift */; };
		C3B61D38266A681C00D7A68E /* DataManager.swift in Sources */ = {isa = PBXBuildFile; fileRef = C3B61D37266A681C00D7A68E /* DataManager.swift */; };
		C3D76E9E264AE87B001FCD34 /* Quiz_With_MeApp.swift in Sources */ = {isa = PBXBuildFile; fileRef = C3D76E9D264AE87B001FCD34 /* Quiz_With_MeApp.swift */; };
		C3D76EA2264AE87C001FCD34 /* Assets.xcassets in Resources */ = {isa = PBXBuildFile; fileRef = C3D76EA1264AE87C001FCD34 /* Assets.xcassets */; };
		C3D76EA5264AE87C001FCD34 /* Preview Assets.xcassets in Resources */ = {isa = PBXBuildFile; fileRef = C3D76EA4264AE87C001FCD34 /* Preview Assets.xcassets */; };
		C3D76EA7264AE87C001FCD34 /* Persistence.swift in Sources */ = {isa = PBXBuildFile; fileRef = C3D76EA6264AE87C001FCD34 /* Persistence.swift */; };
		C3D76EAA264AE87C001FCD34 /* Quiz_With_Me.xcdatamodeld in Sources */ = {isa = PBXBuildFile; fileRef = C3D76EA8264AE87C001FCD34 /* Quiz_With_Me.xcdatamodeld */; };
		C3EF215C2656E79C00384221 /* PrimaryButton.swift in Sources */ = {isa = PBXBuildFile; fileRef = C3EF215B2656E79C00384221 /* PrimaryButton.swift */; };
/* End PBXBuildFile section */

/* Begin PBXFileReference section */
		351CB6B0266421DA00DA9B55 /* QuizGame.swift */ = {isa = PBXFileReference; lastKnownFileType = sourcecode.swift; path = QuizGame.swift; sourceTree = "<group>"; };
		351CB6B32664228100DA9B55 /* QuizMainScreen.swift */ = {isa = PBXFileReference; lastKnownFileType = sourcecode.swift; path = QuizMainScreen.swift; sourceTree = "<group>"; };
		351CB6B62664230600DA9B55 /* LogoImageWhite.swift */ = {isa = PBXFileReference; lastKnownFileType = sourcecode.swift; path = LogoImageWhite.swift; sourceTree = "<group>"; };
		351CB6B82664232D00DA9B55 /* QuizItemCard.swift */ = {isa = PBXFileReference; lastKnownFileType = sourcecode.swift; path = QuizItemCard.swift; sourceTree = "<group>"; };
		351CB6BA2664236700DA9B55 /* QuizListView.swift */ = {isa = PBXFileReference; lastKnownFileType = sourcecode.swift; path = QuizListView.swift; sourceTree = "<group>"; };
		351CB6BC266423F700DA9B55 /* MenuButton.swift */ = {isa = PBXFileReference; lastKnownFileType = sourcecode.swift; path = MenuButton.swift; sourceTree = "<group>"; };
		351CB6BE2664241D00DA9B55 /* SideMenu.swift */ = {isa = PBXFileReference; lastKnownFileType = sourcecode.swift; path = SideMenu.swift; sourceTree = "<group>"; };
		351CB6C12664F23F00DA9B55 /* ProfileScreen.swift */ = {isa = PBXFileReference; lastKnownFileType = sourcecode.swift; path = ProfileScreen.swift; sourceTree = "<group>"; };
		351CB6C42664F28400DA9B55 /* AvatarImage.swift */ = {isa = PBXFileReference; lastKnownFileType = sourcecode.swift; path = AvatarImage.swift; sourceTree = "<group>"; };
		351CB6C62664F2AA00DA9B55 /* ProfileDetailView.swift */ = {isa = PBXFileReference; lastKnownFileType = sourcecode.swift; path = ProfileDetailView.swift; sourceTree = "<group>"; };
		351CB6C92664F65800DA9B55 /* GameOverviewScreen.swift */ = {isa = PBXFileReference; lastKnownFileType = sourcecode.swift; path = GameOverviewScreen.swift; sourceTree = "<group>"; };
		351CB6CC2664F69400DA9B55 /* OverviewView.swift */ = {isa = PBXFileReference; lastKnownFileType = sourcecode.swift; path = OverviewView.swift; sourceTree = "<group>"; };
		351CB6D0266966F700DA9B55 /* QuestionScreen.swift */ = {isa = PBXFileReference; lastKnownFileType = sourcecode.swift; path = QuestionScreen.swift; sourceTree = "<group>"; };
		351CB6D22669697E00DA9B55 /* QuestionView.swift */ = {isa = PBXFileReference; lastKnownFileType = sourcecode.swift; path = QuestionView.swift; sourceTree = "<group>"; };
		351CB6D426696BAA00DA9B55 /* QuestionButton.swift */ = {isa = PBXFileReference; lastKnownFileType = sourcecode.swift; path = QuestionButton.swift; sourceTree = "<group>"; };
		351CB6D6266972F200DA9B55 /* QuizQuestion.swift */ = {isa = PBXFileReference; lastKnownFileType = sourcecode.swift; path = QuizQuestion.swift; sourceTree = "<group>"; };
		35D9BF79266B938600E5E70E /* BackgroundView.swift */ = {isa = PBXFileReference; lastKnownFileType = sourcecode.swift; path = BackgroundView.swift; sourceTree = "<group>"; };
		C30283FA265FF100007F0BB2 /* FriendsListScreen.swift */ = {isa = PBXFileReference; lastKnownFileType = sourcecode.swift; path = FriendsListScreen.swift; sourceTree = "<group>"; };
		C30283FE265FF590007F0BB2 /* FriendsView.swift */ = {isa = PBXFileReference; lastKnownFileType = sourcecode.swift; path = FriendsView.swift; sourceTree = "<group>"; };
		C3028402265FF665007F0BB2 /* FriendRequestsView.swift */ = {isa = PBXFileReference; lastKnownFileType = sourcecode.swift; path = FriendRequestsView.swift; sourceTree = "<group>"; };
		C307CAC02657DE3000223917 /* ColorExtension.swift */ = {isa = PBXFileReference; lastKnownFileType = sourcecode.swift; path = ColorExtension.swift; sourceTree = "<group>"; };
		C33471EC2661556F004E707B /* FriendRequestRow.swift */ = {isa = PBXFileReference; lastKnownFileType = sourcecode.swift; path = FriendRequestRow.swift; sourceTree = "<group>"; };
		C3443342264F12A1001FB1B9 /* GoogleService-Info.plist */ = {isa = PBXFileReference; fileEncoding = 4; lastKnownFileType = text.plist.xml; path = "GoogleService-Info.plist"; sourceTree = "<group>"; };
		C34C5416264D327600392EFA /* LoginView.swift */ = {isa = PBXFileReference; lastKnownFileType = sourcecode.swift; path = LoginView.swift; sourceTree = "<group>"; };
		C34C5418264D33A000392EFA /* AuthenticationManager.swift */ = {isa = PBXFileReference; lastKnownFileType = sourcecode.swift; path = AuthenticationManager.swift; sourceTree = "<group>"; };
		C34C541A264D43D200392EFA /* QuizUser.swift */ = {isa = PBXFileReference; lastKnownFileType = sourcecode.swift; path = QuizUser.swift; sourceTree = "<group>"; };
		C38CF0C2265559D50055A20A /* LogoImage.swift */ = {isa = PBXFileReference; lastKnownFileType = sourcecode.swift; path = LogoImage.swift; sourceTree = "<group>"; };
		C38CF0C6265560070055A20A /* RegisterView.swift */ = {isa = PBXFileReference; lastKnownFileType = sourcecode.swift; path = RegisterView.swift; sourceTree = "<group>"; };
		C38CF0C9265567E90055A20A /* ViewState.swift */ = {isa = PBXFileReference; lastKnownFileType = sourcecode.swift; path = ViewState.swift; sourceTree = "<group>"; };
		C38CF0CB26556A8A0055A20A /* LoginRegisterScreen.swift */ = {isa = PBXFileReference; lastKnownFileType = sourcecode.swift; path = LoginRegisterScreen.swift; sourceTree = "<group>"; };
		C3958AA82667697E006704A5 /* Quiz With Me.entitlements */ = {isa = PBXFileReference; lastKnownFileType = text.plist.entitlements; path = "Quiz With Me.entitlements"; sourceTree = "<group>"; };
		C3967FAE2663A18B00B306BE /* Main.swift */ = {isa = PBXFileReference; lastKnownFileType = sourcecode.swift; path = Main.swift; sourceTree = "<group>"; };
		C39D00EF26611E86004E0F7D /* FriendRow.swift */ = {isa = PBXFileReference; lastKnownFileType = sourcecode.swift; path = FriendRow.swift; sourceTree = "<group>"; };
		C3B61D37266A681C00D7A68E /* DataManager.swift */ = {isa = PBXFileReference; lastKnownFileType = sourcecode.swift; path = DataManager.swift; sourceTree = "<group>"; };
		C3D76E9A264AE87B001FCD34 /* Quiz With Me.app */ = {isa = PBXFileReference; explicitFileType = wrapper.application; includeInIndex = 0; path = "Quiz With Me.app"; sourceTree = BUILT_PRODUCTS_DIR; };
		C3D76E9D264AE87B001FCD34 /* Quiz_With_MeApp.swift */ = {isa = PBXFileReference; lastKnownFileType = sourcecode.swift; path = Quiz_With_MeApp.swift; sourceTree = "<group>"; };
		C3D76EA1264AE87C001FCD34 /* Assets.xcassets */ = {isa = PBXFileReference; lastKnownFileType = folder.assetcatalog; path = Assets.xcassets; sourceTree = "<group>"; };
		C3D76EA4264AE87C001FCD34 /* Preview Assets.xcassets */ = {isa = PBXFileReference; lastKnownFileType = folder.assetcatalog; path = "Preview Assets.xcassets"; sourceTree = "<group>"; };
		C3D76EA6264AE87C001FCD34 /* Persistence.swift */ = {isa = PBXFileReference; lastKnownFileType = sourcecode.swift; path = Persistence.swift; sourceTree = "<group>"; };
		C3D76EA9264AE87C001FCD34 /* Quiz_With_Me.xcdatamodel */ = {isa = PBXFileReference; lastKnownFileType = wrapper.xcdatamodel; path = Quiz_With_Me.xcdatamodel; sourceTree = "<group>"; };
		C3D76EAB264AE87C001FCD34 /* Info.plist */ = {isa = PBXFileReference; lastKnownFileType = text.plist.xml; path = Info.plist; sourceTree = "<group>"; };
		C3EF215B2656E79C00384221 /* PrimaryButton.swift */ = {isa = PBXFileReference; lastKnownFileType = sourcecode.swift; path = PrimaryButton.swift; sourceTree = "<group>"; };
/* End PBXFileReference section */

/* Begin PBXFrameworksBuildPhase section */
		C3D76E97264AE87B001FCD34 /* Frameworks */ = {
			isa = PBXFrameworksBuildPhase;
			buildActionMask = 2147483647;
			files = (
				C34C5415264D2E4100392EFA /* FirebaseFirestoreSwift-Beta in Frameworks */,
				C34C5411264D2E4100392EFA /* FirebaseAuth in Frameworks */,
				C34C5413264D2E4100392EFA /* FirebaseFirestore in Frameworks */,
			);
			runOnlyForDeploymentPostprocessing = 0;
		};
/* End PBXFrameworksBuildPhase section */

/* Begin PBXGroup section */
		351CB6B22664226800DA9B55 /* QuizMain */ = {
			isa = PBXGroup;
			children = (
				351CB6B5266422CC00DA9B55 /* Views */,
				351CB6B32664228100DA9B55 /* QuizMainScreen.swift */,
			);
			path = QuizMain;
			sourceTree = "<group>";
		};
		351CB6B5266422CC00DA9B55 /* Views */ = {
			isa = PBXGroup;
			children = (
				351CB6B62664230600DA9B55 /* LogoImageWhite.swift */,
				351CB6B82664232D00DA9B55 /* QuizItemCard.swift */,
				351CB6BA2664236700DA9B55 /* QuizListView.swift */,
				351CB6BC266423F700DA9B55 /* MenuButton.swift */,
				351CB6BE2664241D00DA9B55 /* SideMenu.swift */,
			);
			path = Views;
			sourceTree = "<group>";
		};
		351CB6C02664F22100DA9B55 /* Profile */ = {
			isa = PBXGroup;
			children = (
				351CB6C32664F26C00DA9B55 /* Views */,
				351CB6C12664F23F00DA9B55 /* ProfileScreen.swift */,
			);
			path = Profile;
			sourceTree = "<group>";
		};
		351CB6C32664F26C00DA9B55 /* Views */ = {
			isa = PBXGroup;
			children = (
				351CB6C42664F28400DA9B55 /* AvatarImage.swift */,
				351CB6C62664F2AA00DA9B55 /* ProfileDetailView.swift */,
			);
			path = Views;
			sourceTree = "<group>";
		};
		351CB6C82664F63200DA9B55 /* GameOverview */ = {
			isa = PBXGroup;
			children = (
				351CB6CB2664F67100DA9B55 /* Views */,
				351CB6C92664F65800DA9B55 /* GameOverviewScreen.swift */,
			);
			path = GameOverview;
			sourceTree = "<group>";
		};
		351CB6CB2664F67100DA9B55 /* Views */ = {
			isa = PBXGroup;
			children = (
				351CB6CC2664F69400DA9B55 /* OverviewView.swift */,
			);
			path = Views;
			sourceTree = "<group>";
		};
		351CB6CE266964ED00DA9B55 /* Question */ = {
			isa = PBXGroup;
			children = (
				351CB6CF266964F900DA9B55 /* View */,
				351CB6D0266966F700DA9B55 /* QuestionScreen.swift */,
			);
			path = Question;
			sourceTree = "<group>";
		};
		351CB6CF266964F900DA9B55 /* View */ = {
			isa = PBXGroup;
			children = (
				351CB6D22669697E00DA9B55 /* QuestionView.swift */,
			);
			path = View;
			sourceTree = "<group>";
		};
		35D9BF78266B934100E5E70E /* HelperView */ = {
			isa = PBXGroup;
			children = (
				35D9BF79266B938600E5E70E /* BackgroundView.swift */,
			);
			path = HelperView;
			sourceTree = "<group>";
		};
		C30283FC265FF523007F0BB2 /* FriendsList */ = {
			isa = PBXGroup;
			children = (
				C30283FD265FF572007F0BB2 /* Views */,
				C30283FA265FF100007F0BB2 /* FriendsListScreen.swift */,
			);
			path = FriendsList;
			sourceTree = "<group>";
		};
		C30283FD265FF572007F0BB2 /* Views */ = {
			isa = PBXGroup;
			children = (
				C30283FE265FF590007F0BB2 /* FriendsView.swift */,
				C3028402265FF665007F0BB2 /* FriendRequestsView.swift */,
				C39D00EF26611E86004E0F7D /* FriendRow.swift */,
				C33471EC2661556F004E707B /* FriendRequestRow.swift */,
			);
			path = Views;
			sourceTree = "<group>";
		};
		C38CF0BD265553860055A20A /* Screens */ = {
			isa = PBXGroup;
			children = (
				35D9BF78266B934100E5E70E /* HelperView */,
				351CB6CE266964ED00DA9B55 /* Question */,
				351CB6C82664F63200DA9B55 /* GameOverview */,
				351CB6C02664F22100DA9B55 /* Profile */,
				351CB6B22664226800DA9B55 /* QuizMain */,
				C30283FC265FF523007F0BB2 /* FriendsList */,
				C38CF0BE265553A80055A20A /* LoginRegister */,
				C3967FAE2663A18B00B306BE /* Main.swift */,
			);
			path = Screens;
			sourceTree = "<group>";
		};
		C38CF0BE265553A80055A20A /* LoginRegister */ = {
			isa = PBXGroup;
			children = (
				C38CF0BF265553E70055A20A /* Views */,
				C38CF0CB26556A8A0055A20A /* LoginRegisterScreen.swift */,
			);
			path = LoginRegister;
			sourceTree = "<group>";
		};
		C38CF0BF265553E70055A20A /* Views */ = {
			isa = PBXGroup;
			children = (
				C34C5416264D327600392EFA /* LoginView.swift */,
				C38CF0C2265559D50055A20A /* LogoImage.swift */,
				C38CF0C6265560070055A20A /* RegisterView.swift */,
			);
			path = Views;
			sourceTree = "<group>";
		};
		C38CF0C8265567D70055A20A /* Helpers */ = {
			isa = PBXGroup;
			children = (
				C38CF0C9265567E90055A20A /* ViewState.swift */,
			);
			path = Helpers;
			sourceTree = "<group>";
		};
		C3D76E91264AE87B001FCD34 = {
			isa = PBXGroup;
			children = (
				C3D76E9C264AE87B001FCD34 /* Quiz With Me */,
				C3D76E9B264AE87B001FCD34 /* Products */,
			);
			sourceTree = "<group>";
		};
		C3D76E9B264AE87B001FCD34 /* Products */ = {
			isa = PBXGroup;
			children = (
				C3D76E9A264AE87B001FCD34 /* Quiz With Me.app */,
			);
			name = Products;
			sourceTree = "<group>";
		};
		C3D76E9C264AE87B001FCD34 /* Quiz With Me */ = {
			isa = PBXGroup;
			children = (
				C3958AA82667697E006704A5 /* Quiz With Me.entitlements */,
				C3EF215A2656E75F00384221 /* Styles */,
				C38CF0C8265567D70055A20A /* Helpers */,
				C38CF0BD265553860055A20A /* Screens */,
				C3D76E9D264AE87B001FCD34 /* Quiz_With_MeApp.swift */,
				C34C5418264D33A000392EFA /* AuthenticationManager.swift */,
				C3B61D37266A681C00D7A68E /* DataManager.swift */,
				C3443342264F12A1001FB1B9 /* GoogleService-Info.plist */,
				C34C541A264D43D200392EFA /* QuizUser.swift */,
				351CB6B0266421DA00DA9B55 /* QuizGame.swift */,
				351CB6D6266972F200DA9B55 /* QuizQuestion.swift */,
				C3D76EA1264AE87C001FCD34 /* Assets.xcassets */,
				C3D76EA6264AE87C001FCD34 /* Persistence.swift */,
				C3D76EAB264AE87C001FCD34 /* Info.plist */,
				C3D76EA8264AE87C001FCD34 /* Quiz_With_Me.xcdatamodeld */,
				C3D76EA3264AE87C001FCD34 /* Preview Content */,
			);
			path = "Quiz With Me";
			sourceTree = "<group>";
		};
		C3D76EA3264AE87C001FCD34 /* Preview Content */ = {
			isa = PBXGroup;
			children = (
				C3D76EA4264AE87C001FCD34 /* Preview Assets.xcassets */,
			);
			path = "Preview Content";
			sourceTree = "<group>";
		};
		C3EF215A2656E75F00384221 /* Styles */ = {
			isa = PBXGroup;
			children = (
				C3EF215B2656E79C00384221 /* PrimaryButton.swift */,
				C307CAC02657DE3000223917 /* ColorExtension.swift */,
				351CB6D426696BAA00DA9B55 /* QuestionButton.swift */,
			);
			path = Styles;
			sourceTree = "<group>";
		};
/* End PBXGroup section */

/* Begin PBXNativeTarget section */
		C3D76E99264AE87B001FCD34 /* Quiz With Me */ = {
			isa = PBXNativeTarget;
			buildConfigurationList = C3D76EAE264AE87C001FCD34 /* Build configuration list for PBXNativeTarget "Quiz With Me" */;
			buildPhases = (
				C3D76E96264AE87B001FCD34 /* Sources */,
				C3D76E97264AE87B001FCD34 /* Frameworks */,
				C3D76E98264AE87B001FCD34 /* Resources */,
			);
			buildRules = (
			);
			dependencies = (
			);
			name = "Quiz With Me";
			packageProductDependencies = (
				C34C5410264D2E4100392EFA /* FirebaseAuth */,
				C34C5412264D2E4100392EFA /* FirebaseFirestore */,
				C34C5414264D2E4100392EFA /* FirebaseFirestoreSwift-Beta */,
			);
			productName = "Quiz With Me";
			productReference = C3D76E9A264AE87B001FCD34 /* Quiz With Me.app */;
			productType = "com.apple.product-type.application";
		};
/* End PBXNativeTarget section */

/* Begin PBXProject section */
		C3D76E92264AE87B001FCD34 /* Project object */ = {
			isa = PBXProject;
			attributes = {
				LastSwiftUpdateCheck = 1250;
				LastUpgradeCheck = 1250;
				TargetAttributes = {
					C3D76E99264AE87B001FCD34 = {
						CreatedOnToolsVersion = 12.5;
					};
				};
			};
			buildConfigurationList = C3D76E95264AE87B001FCD34 /* Build configuration list for PBXProject "Quiz With Me" */;
			compatibilityVersion = "Xcode 9.3";
			developmentRegion = de;
			hasScannedForEncodings = 0;
			knownRegions = (
				de,
				en,
				Base,
			);
			mainGroup = C3D76E91264AE87B001FCD34;
			packageReferences = (
				C34C540F264D2E4100392EFA /* XCRemoteSwiftPackageReference "firebase-ios-sdk" */,
			);
			productRefGroup = C3D76E9B264AE87B001FCD34 /* Products */;
			projectDirPath = "";
			projectRoot = "";
			targets = (
				C3D76E99264AE87B001FCD34 /* Quiz With Me */,
			);
		};
/* End PBXProject section */

/* Begin PBXResourcesBuildPhase section */
		C3D76E98264AE87B001FCD34 /* Resources */ = {
			isa = PBXResourcesBuildPhase;
			buildActionMask = 2147483647;
			files = (
				C3D76EA5264AE87C001FCD34 /* Preview Assets.xcassets in Resources */,
				C3D76EA2264AE87C001FCD34 /* Assets.xcassets in Resources */,
				C3443343264F12A1001FB1B9 /* GoogleService-Info.plist in Resources */,
			);
			runOnlyForDeploymentPostprocessing = 0;
		};
/* End PBXResourcesBuildPhase section */

/* Begin PBXSourcesBuildPhase section */
		C3D76E96264AE87B001FCD34 /* Sources */ = {
			isa = PBXSourcesBuildPhase;
			buildActionMask = 2147483647;
			files = (
				351CB6D32669697E00DA9B55 /* QuestionView.swift in Sources */,
				C3967FAF2663A18B00B306BE /* Main.swift in Sources */,
				351CB6BD266423F700DA9B55 /* MenuButton.swift in Sources */,
				351CB6B42664228100DA9B55 /* QuizMainScreen.swift in Sources */,
				351CB6D7266972F200DA9B55 /* QuizQuestion.swift in Sources */,
				C30283FF265FF590007F0BB2 /* FriendsView.swift in Sources */,
				351CB6BF2664241D00DA9B55 /* SideMenu.swift in Sources */,
				351CB6D526696BAA00DA9B55 /* QuestionButton.swift in Sources */,
				351CB6C22664F23F00DA9B55 /* ProfileScreen.swift in Sources */,
				351CB6C72664F2AA00DA9B55 /* ProfileDetailView.swift in Sources */,
				35D9BF7A266B938600E5E70E /* BackgroundView.swift in Sources */,
				C3D76EA7264AE87C001FCD34 /* Persistence.swift in Sources */,
				C3EF215C2656E79C00384221 /* PrimaryButton.swift in Sources */,
				C3D76EAA264AE87C001FCD34 /* Quiz_With_Me.xcdatamodeld in Sources */,
				C307CAC12657DE3000223917 /* ColorExtension.swift in Sources */,
				C38CF0C3265559D50055A20A /* LogoImage.swift in Sources */,
				351CB6CD2664F69400DA9B55 /* OverviewView.swift in Sources */,
				351CB6D1266966F700DA9B55 /* QuestionScreen.swift in Sources */,
				C34C541B264D43D200392EFA /* QuizUser.swift in Sources */,
				C34C5417264D327600392EFA /* LoginView.swift in Sources */,
				C38CF0C7265560070055A20A /* RegisterView.swift in Sources */,
				C33471ED2661556F004E707B /* FriendRequestRow.swift in Sources */,
				C3B61D38266A681C00D7A68E /* DataManager.swift in Sources */,
				C38CF0CA265567E90055A20A /* ViewState.swift in Sources */,
				351CB6B72664230600DA9B55 /* LogoImageWhite.swift in Sources */,
				351CB6C52664F28400DA9B55 /* AvatarImage.swift in Sources */,
				C39D00F026611E86004E0F7D /* FriendRow.swift in Sources */,
				351CB6B1266421DA00DA9B55 /* QuizGame.swift in Sources */,
				C3028403265FF665007F0BB2 /* FriendRequestsView.swift in Sources */,
				C34C5419264D33A000392EFA /* AuthenticationManager.swift in Sources */,
				351CB6B92664232D00DA9B55 /* QuizItemCard.swift in Sources */,
				C38CF0CC26556A8A0055A20A /* LoginRegisterScreen.swift in Sources */,
				351CB6CA2664F65800DA9B55 /* GameOverviewScreen.swift in Sources */,
				C3D76E9E264AE87B001FCD34 /* Quiz_With_MeApp.swift in Sources */,
				C30283FB265FF100007F0BB2 /* FriendsListScreen.swift in Sources */,
				351CB6BB2664236700DA9B55 /* QuizListView.swift in Sources */,
			);
			runOnlyForDeploymentPostprocessing = 0;
		};
/* End PBXSourcesBuildPhase section */

/* Begin XCBuildConfiguration section */
		C3D76EAC264AE87C001FCD34 /* Debug */ = {
			isa = XCBuildConfiguration;
			buildSettings = {
				ALWAYS_SEARCH_USER_PATHS = NO;
				CLANG_ANALYZER_NONNULL = YES;
				CLANG_ANALYZER_NUMBER_OBJECT_CONVERSION = YES_AGGRESSIVE;
				CLANG_CXX_LANGUAGE_STANDARD = "gnu++14";
				CLANG_CXX_LIBRARY = "libc++";
				CLANG_ENABLE_MODULES = YES;
				CLANG_ENABLE_OBJC_ARC = YES;
				CLANG_ENABLE_OBJC_WEAK = YES;
				CLANG_WARN_BLOCK_CAPTURE_AUTORELEASING = YES;
				CLANG_WARN_BOOL_CONVERSION = YES;
				CLANG_WARN_COMMA = YES;
				CLANG_WARN_CONSTANT_CONVERSION = YES;
				CLANG_WARN_DEPRECATED_OBJC_IMPLEMENTATIONS = YES;
				CLANG_WARN_DIRECT_OBJC_ISA_USAGE = YES_ERROR;
				CLANG_WARN_DOCUMENTATION_COMMENTS = YES;
				CLANG_WARN_EMPTY_BODY = YES;
				CLANG_WARN_ENUM_CONVERSION = YES;
				CLANG_WARN_INFINITE_RECURSION = YES;
				CLANG_WARN_INT_CONVERSION = YES;
				CLANG_WARN_NON_LITERAL_NULL_CONVERSION = YES;
				CLANG_WARN_OBJC_IMPLICIT_RETAIN_SELF = YES;
				CLANG_WARN_OBJC_LITERAL_CONVERSION = YES;
				CLANG_WARN_OBJC_ROOT_CLASS = YES_ERROR;
				CLANG_WARN_QUOTED_INCLUDE_IN_FRAMEWORK_HEADER = YES;
				CLANG_WARN_RANGE_LOOP_ANALYSIS = YES;
				CLANG_WARN_STRICT_PROTOTYPES = YES;
				CLANG_WARN_SUSPICIOUS_MOVE = YES;
				CLANG_WARN_UNGUARDED_AVAILABILITY = YES_AGGRESSIVE;
				CLANG_WARN_UNREACHABLE_CODE = YES;
				CLANG_WARN__DUPLICATE_METHOD_MATCH = YES;
				COPY_PHASE_STRIP = NO;
				DEBUG_INFORMATION_FORMAT = dwarf;
				ENABLE_STRICT_OBJC_MSGSEND = YES;
				ENABLE_TESTABILITY = YES;
				GCC_C_LANGUAGE_STANDARD = gnu11;
				GCC_DYNAMIC_NO_PIC = NO;
				GCC_NO_COMMON_BLOCKS = YES;
				GCC_OPTIMIZATION_LEVEL = 0;
				GCC_PREPROCESSOR_DEFINITIONS = (
					"DEBUG=1",
					"$(inherited)",
				);
				GCC_WARN_64_TO_32_BIT_CONVERSION = YES;
				GCC_WARN_ABOUT_RETURN_TYPE = YES_ERROR;
				GCC_WARN_UNDECLARED_SELECTOR = YES;
				GCC_WARN_UNINITIALIZED_AUTOS = YES_AGGRESSIVE;
				GCC_WARN_UNUSED_FUNCTION = YES;
				GCC_WARN_UNUSED_VARIABLE = YES;
				IPHONEOS_DEPLOYMENT_TARGET = 14.5;
				MTL_ENABLE_DEBUG_INFO = INCLUDE_SOURCE;
				MTL_FAST_MATH = YES;
				ONLY_ACTIVE_ARCH = YES;
				SDKROOT = iphoneos;
				SWIFT_ACTIVE_COMPILATION_CONDITIONS = DEBUG;
				SWIFT_OPTIMIZATION_LEVEL = "-Onone";
			};
			name = Debug;
		};
		C3D76EAD264AE87C001FCD34 /* Release */ = {
			isa = XCBuildConfiguration;
			buildSettings = {
				ALWAYS_SEARCH_USER_PATHS = NO;
				CLANG_ANALYZER_NONNULL = YES;
				CLANG_ANALYZER_NUMBER_OBJECT_CONVERSION = YES_AGGRESSIVE;
				CLANG_CXX_LANGUAGE_STANDARD = "gnu++14";
				CLANG_CXX_LIBRARY = "libc++";
				CLANG_ENABLE_MODULES = YES;
				CLANG_ENABLE_OBJC_ARC = YES;
				CLANG_ENABLE_OBJC_WEAK = YES;
				CLANG_WARN_BLOCK_CAPTURE_AUTORELEASING = YES;
				CLANG_WARN_BOOL_CONVERSION = YES;
				CLANG_WARN_COMMA = YES;
				CLANG_WARN_CONSTANT_CONVERSION = YES;
				CLANG_WARN_DEPRECATED_OBJC_IMPLEMENTATIONS = YES;
				CLANG_WARN_DIRECT_OBJC_ISA_USAGE = YES_ERROR;
				CLANG_WARN_DOCUMENTATION_COMMENTS = YES;
				CLANG_WARN_EMPTY_BODY = YES;
				CLANG_WARN_ENUM_CONVERSION = YES;
				CLANG_WARN_INFINITE_RECURSION = YES;
				CLANG_WARN_INT_CONVERSION = YES;
				CLANG_WARN_NON_LITERAL_NULL_CONVERSION = YES;
				CLANG_WARN_OBJC_IMPLICIT_RETAIN_SELF = YES;
				CLANG_WARN_OBJC_LITERAL_CONVERSION = YES;
				CLANG_WARN_OBJC_ROOT_CLASS = YES_ERROR;
				CLANG_WARN_QUOTED_INCLUDE_IN_FRAMEWORK_HEADER = YES;
				CLANG_WARN_RANGE_LOOP_ANALYSIS = YES;
				CLANG_WARN_STRICT_PROTOTYPES = YES;
				CLANG_WARN_SUSPICIOUS_MOVE = YES;
				CLANG_WARN_UNGUARDED_AVAILABILITY = YES_AGGRESSIVE;
				CLANG_WARN_UNREACHABLE_CODE = YES;
				CLANG_WARN__DUPLICATE_METHOD_MATCH = YES;
				COPY_PHASE_STRIP = NO;
				DEBUG_INFORMATION_FORMAT = "dwarf-with-dsym";
				ENABLE_NS_ASSERTIONS = NO;
				ENABLE_STRICT_OBJC_MSGSEND = YES;
				GCC_C_LANGUAGE_STANDARD = gnu11;
				GCC_NO_COMMON_BLOCKS = YES;
				GCC_WARN_64_TO_32_BIT_CONVERSION = YES;
				GCC_WARN_ABOUT_RETURN_TYPE = YES_ERROR;
				GCC_WARN_UNDECLARED_SELECTOR = YES;
				GCC_WARN_UNINITIALIZED_AUTOS = YES_AGGRESSIVE;
				GCC_WARN_UNUSED_FUNCTION = YES;
				GCC_WARN_UNUSED_VARIABLE = YES;
				IPHONEOS_DEPLOYMENT_TARGET = 14.5;
				MTL_ENABLE_DEBUG_INFO = NO;
				MTL_FAST_MATH = YES;
				SDKROOT = iphoneos;
				SWIFT_COMPILATION_MODE = wholemodule;
				SWIFT_OPTIMIZATION_LEVEL = "-O";
				VALIDATE_PRODUCT = YES;
			};
			name = Release;
		};
		C3D76EAF264AE87C001FCD34 /* Debug */ = {
			isa = XCBuildConfiguration;
			buildSettings = {
				ASSETCATALOG_COMPILER_APPICON_NAME = AppIcon;
				ASSETCATALOG_COMPILER_GLOBAL_ACCENT_COLOR_NAME = AccentColor;
				CODE_SIGN_ENTITLEMENTS = "Quiz With Me/Quiz With Me.entitlements";
				CODE_SIGN_STYLE = Automatic;
				DEVELOPMENT_ASSET_PATHS = "\"Quiz With Me/Preview Content\"";
				DEVELOPMENT_TEAM = 5LFP2C87YR;
				ENABLE_PREVIEWS = YES;
				INFOPLIST_FILE = "Quiz With Me/Info.plist";
				IPHONEOS_DEPLOYMENT_TARGET = 14.0;
				LD_RUNPATH_SEARCH_PATHS = (
					"$(inherited)",
					"@executable_path/Frameworks",
				);
				PRODUCT_BUNDLE_IDENTIFIER = "de.Spengler.Daniel.Quiz-With-Me";
				PRODUCT_NAME = "$(TARGET_NAME)";
				SWIFT_VERSION = 5.0;
				TARGETED_DEVICE_FAMILY = "1,2";
			};
			name = Debug;
		};
		C3D76EB0264AE87C001FCD34 /* Release */ = {
			isa = XCBuildConfiguration;
			buildSettings = {
				ASSETCATALOG_COMPILER_APPICON_NAME = AppIcon;
				ASSETCATALOG_COMPILER_GLOBAL_ACCENT_COLOR_NAME = AccentColor;
				CODE_SIGN_ENTITLEMENTS = "Quiz With Me/Quiz With Me.entitlements";
				CODE_SIGN_STYLE = Automatic;
				DEVELOPMENT_ASSET_PATHS = "\"Quiz With Me/Preview Content\"";
				DEVELOPMENT_TEAM = 5LFP2C87YR;
				ENABLE_PREVIEWS = YES;
				INFOPLIST_FILE = "Quiz With Me/Info.plist";
				IPHONEOS_DEPLOYMENT_TARGET = 14.0;
				LD_RUNPATH_SEARCH_PATHS = (
					"$(inherited)",
					"@executable_path/Frameworks",
				);
				PRODUCT_BUNDLE_IDENTIFIER = "de.Spengler.Daniel.Quiz-With-Me";
				PRODUCT_NAME = "$(TARGET_NAME)";
				SWIFT_VERSION = 5.0;
				TARGETED_DEVICE_FAMILY = "1,2";
			};
			name = Release;
		};
/* End XCBuildConfiguration section */

/* Begin XCConfigurationList section */
		C3D76E95264AE87B001FCD34 /* Build configuration list for PBXProject "Quiz With Me" */ = {
			isa = XCConfigurationList;
			buildConfigurations = (
				C3D76EAC264AE87C001FCD34 /* Debug */,
				C3D76EAD264AE87C001FCD34 /* Release */,
			);
			defaultConfigurationIsVisible = 0;
			defaultConfigurationName = Release;
		};
		C3D76EAE264AE87C001FCD34 /* Build configuration list for PBXNativeTarget "Quiz With Me" */ = {
			isa = XCConfigurationList;
			buildConfigurations = (
				C3D76EAF264AE87C001FCD34 /* Debug */,
				C3D76EB0264AE87C001FCD34 /* Release */,
			);
			defaultConfigurationIsVisible = 0;
			defaultConfigurationName = Release;
		};
/* End XCConfigurationList section */

/* Begin XCRemoteSwiftPackageReference section */
		C34C540F264D2E4100392EFA /* XCRemoteSwiftPackageReference "firebase-ios-sdk" */ = {
			isa = XCRemoteSwiftPackageReference;
			repositoryURL = "https://github.com/firebase/firebase-ios-sdk.git";
			requirement = {
				kind = upToNextMajorVersion;
				minimumVersion = 8.0.0;
			};
		};
/* End XCRemoteSwiftPackageReference section */

/* Begin XCSwiftPackageProductDependency section */
		C34C5410264D2E4100392EFA /* FirebaseAuth */ = {
			isa = XCSwiftPackageProductDependency;
			package = C34C540F264D2E4100392EFA /* XCRemoteSwiftPackageReference "firebase-ios-sdk" */;
			productName = FirebaseAuth;
		};
		C34C5412264D2E4100392EFA /* FirebaseFirestore */ = {
			isa = XCSwiftPackageProductDependency;
			package = C34C540F264D2E4100392EFA /* XCRemoteSwiftPackageReference "firebase-ios-sdk" */;
			productName = FirebaseFirestore;
		};
		C34C5414264D2E4100392EFA /* FirebaseFirestoreSwift-Beta */ = {
			isa = XCSwiftPackageProductDependency;
			package = C34C540F264D2E4100392EFA /* XCRemoteSwiftPackageReference "firebase-ios-sdk" */;
			productName = "FirebaseFirestoreSwift-Beta";
		};
/* End XCSwiftPackageProductDependency section */

/* Begin XCVersionGroup section */
		C3D76EA8264AE87C001FCD34 /* Quiz_With_Me.xcdatamodeld */ = {
			isa = XCVersionGroup;
			children = (
				C3D76EA9264AE87C001FCD34 /* Quiz_With_Me.xcdatamodel */,
			);
			currentVersion = C3D76EA9264AE87C001FCD34 /* Quiz_With_Me.xcdatamodel */;
			path = Quiz_With_Me.xcdatamodeld;
			sourceTree = "<group>";
			versionGroupType = wrapper.xcdatamodel;
		};
/* End XCVersionGroup section */
	};
	rootObject = C3D76E92264AE87B001FCD34 /* Project object */;
}
